
Microsoft Visual Studio Solution File, Format Version 12.00
# Visual Studio Version 17
VisualStudioVersion = 17.7.34031.279
MinimumVisualStudioVersion = 10.0.40219.1
Project("{FAE04EC0-301F-11D3-BF4B-00C04F79EFBC}") = "BitMapImterpreterAppv2", "BitMapImterpreterAppv2\BitMapImterpreterAppv2.csproj", "{73C545AE-0ACD-4209-B34C-10E5A9D5480E}"
EndProject
Global
	GlobalSection(SolutionConfigurationPlatforms) = preSolution
		Debug|Any CPU = Debug|Any CPU
		Release|Any CPU = Release|Any CPU
	EndGlobalSection
	GlobalSection(ProjectConfigurationPlatforms) = postSolution
		{73C545AE-0ACD-4209-B34C-10E5A9D5480E}.Debug|Any CPU.ActiveCfg = Debug|Any CPU
		{73C545AE-0ACD-4209-B34C-10E5A9D5480E}.Debug|Any CPU.Build.0 = Debug|Any CPU
		{73C545AE-0ACD-4209-B34C-10E5A9D5480E}.Release|Any CPU.ActiveCfg = Release|Any CPU
		{73C545AE-0ACD-4209-B34C-10E5A9D5480E}.Release|Any CPU.Build.0 = Release|Any CPU
	EndGlobalSection
	GlobalSection(SolutionProperties) = preSolution
		HideSolutionNode = FALSE
	EndGlobalSection
	GlobalSection(ExtensibilityGlobals) = postSolution
		SolutionGuid = {1880063C-9824-46AB-B628-032A7FE07277}
	EndGlobalSection
EndGlobal
